
Microsoft Visual Studio Solution File, Format Version 12.00
# Visual Studio 15
Project("{FAE04EC0-301F-11D3-BF4B-00C04F79EFBC}") = "Assembly-CSharp", "Assembly-CSharp.csproj", "{3C49E877-E195-CF68-9114-9C2F4F567C34}"
EndProject
Project("{FAE04EC0-301F-11D3-BF4B-00C04F79EFBC}") = "SharpConfig", "SharpConfig.csproj", "{13DF31E7-E7BC-4E12-09EC-CBD2768D7254}"
EndProject
Project("{FAE04EC0-301F-11D3-BF4B-00C04F79EFBC}") = "Assembly-CSharp-firstpass", "Assembly-CSharp-firstpass.csproj", "{C358EB0A-2968-68DC-A0C7-A999BE88C026}"
EndProject
Project("{FAE04EC0-301F-11D3-BF4B-00C04F79EFBC}") = "Assembly-CSharp-Editor", "Assembly-CSharp-Editor.csproj", "{62A630BE-55D3-BACA-34F7-D4813A84AC8E}"
EndProject
Global
	GlobalSection(SolutionConfigurationPlatforms) = preSolution
		Debug|Any CPU = Debug|Any CPU
		Release|Any CPU = Release|Any CPU
	EndGlobalSection
	GlobalSection(ProjectConfigurationPlatforms) = postSolution
		{3C49E877-E195-CF68-9114-9C2F4F567C34}.Debug|Any CPU.ActiveCfg = Debug|Any CPU
		{3C49E877-E195-CF68-9114-9C2F4F567C34}.Debug|Any CPU.Build.0 = Debug|Any CPU
		{3C49E877-E195-CF68-9114-9C2F4F567C34}.Release|Any CPU.ActiveCfg = Release|Any CPU
		{3C49E877-E195-CF68-9114-9C2F4F567C34}.Release|Any CPU.Build.0 = Release|Any CPU
		{13DF31E7-E7BC-4E12-09EC-CBD2768D7254}.Debug|Any CPU.ActiveCfg = Debug|Any CPU
		{13DF31E7-E7BC-4E12-09EC-CBD2768D7254}.Debug|Any CPU.Build.0 = Debug|Any CPU
		{13DF31E7-E7BC-4E12-09EC-CBD2768D7254}.Release|Any CPU.ActiveCfg = Release|Any CPU
		{13DF31E7-E7BC-4E12-09EC-CBD2768D7254}.Release|Any CPU.Build.0 = Release|Any CPU
		{C358EB0A-2968-68DC-A0C7-A999BE88C026}.Debug|Any CPU.ActiveCfg = Debug|Any CPU
		{C358EB0A-2968-68DC-A0C7-A999BE88C026}.Debug|Any CPU.Build.0 = Debug|Any CPU
		{C358EB0A-2968-68DC-A0C7-A999BE88C026}.Release|Any CPU.ActiveCfg = Release|Any CPU
		{C358EB0A-2968-68DC-A0C7-A999BE88C026}.Release|Any CPU.Build.0 = Release|Any CPU
		{62A630BE-55D3-BACA-34F7-D4813A84AC8E}.Debug|Any CPU.ActiveCfg = Debug|Any CPU
		{62A630BE-55D3-BACA-34F7-D4813A84AC8E}.Debug|Any CPU.Build.0 = Debug|Any CPU
		{62A630BE-55D3-BACA-34F7-D4813A84AC8E}.Release|Any CPU.ActiveCfg = Release|Any CPU
		{62A630BE-55D3-BACA-34F7-D4813A84AC8E}.Release|Any CPU.Build.0 = Release|Any CPU
	EndGlobalSection
	GlobalSection(SolutionProperties) = preSolution
		HideSolutionNode = FALSE
	EndGlobalSection
EndGlobal
